
Microsoft Visual Studio Solution File, Format Version 12.00
# Visual Studio Version 17
VisualStudioVersion = 17.5.33414.496
MinimumVisualStudioVersion = 10.0.40219.1
Project("{FAE04EC0-301F-11D3-BF4B-00C04F79EFBC}") = "CardGame", "CardGame\CardGame.csproj", "{7C6E4AB7-90D5-4123-8398-0AE2DADC4C75}"
EndProject
Global
	GlobalSection(SolutionConfigurationPlatforms) = preSolution
		Debug|Any CPU = Debug|Any CPU
		Release|Any CPU = Release|Any CPU
	EndGlobalSection
	GlobalSection(ProjectConfigurationPlatforms) = postSolution
		{7C6E4AB7-90D5-4123-8398-0AE2DADC4C75}.Debug|Any CPU.ActiveCfg = Debug|Any CPU
		{7C6E4AB7-90D5-4123-8398-0AE2DADC4C75}.Debug|Any CPU.Build.0 = Debug|Any CPU
		{7C6E4AB7-90D5-4123-8398-0AE2DADC4C75}.Release|Any CPU.ActiveCfg = Release|Any CPU
		{7C6E4AB7-90D5-4123-8398-0AE2DADC4C75}.Release|Any CPU.Build.0 = Release|Any CPU
	EndGlobalSection
	GlobalSection(SolutionProperties) = preSolution
		HideSolutionNode = FALSE
	EndGlobalSection
	GlobalSection(ExtensibilityGlobals) = postSolution
		SolutionGuid = {7A29AB0A-1FE0-4556-A512-FBA15EC1CD05}
	EndGlobalSection
EndGlobal
